
Microsoft Visual Studio Solution File, Format Version 12.00
# Visual Studio Version 17
VisualStudioVersion = 17.7.34031.279
MinimumVisualStudioVersion = 10.0.40219.1
Project("{FAE04EC0-301F-11D3-BF4B-00C04F79EFBC}") = "AlgGenetycznyZAD2", "AlgGenetycznyZAD2.csproj", "{9F0867AD-D346-4814-881C-83E2CC3702EE}"
EndProject
Global
	GlobalSection(SolutionConfigurationPlatforms) = preSolution
		Debug|Any CPU = Debug|Any CPU
		Release|Any CPU = Release|Any CPU
	EndGlobalSection
	GlobalSection(ProjectConfigurationPlatforms) = postSolution
		{9F0867AD-D346-4814-881C-83E2CC3702EE}.Debug|Any CPU.ActiveCfg = Debug|Any CPU
		{9F0867AD-D346-4814-881C-83E2CC3702EE}.Debug|Any CPU.Build.0 = Debug|Any CPU
		{9F0867AD-D346-4814-881C-83E2CC3702EE}.Release|Any CPU.ActiveCfg = Release|Any CPU
		{9F0867AD-D346-4814-881C-83E2CC3702EE}.Release|Any CPU.Build.0 = Release|Any CPU
	EndGlobalSection
	GlobalSection(SolutionProperties) = preSolution
		HideSolutionNode = FALSE
	EndGlobalSection
	GlobalSection(ExtensibilityGlobals) = postSolution
		SolutionGuid = {5FE079BA-FCD5-4F6C-B855-37ECAAB23F31}
	EndGlobalSection
EndGlobal
